// !$*UTF8*$!
{
	archiveVersion = 1;
	classes = {
	};
	objectVersion = 50;
	objects = {

/* Begin PBXBuildFile section */
		A16346CB26936C2600EDBBDA /* main.m in Sources */ = {isa = PBXBuildFile; fileRef = A16346CA26936C2600EDBBDA /* main.m */; };
		A16346D926936C3C00EDBBDA /* main.m in Sources */ = {isa = PBXBuildFile; fileRef = A16346D826936C3C00EDBBDA /* main.m */; };
		A16346E626938A5F00EDBBDA /* main.m in Sources */ = {isa = PBXBuildFile; fileRef = A16346E526938A5F00EDBBDA /* main.m */; };
		A16346EF26938B9600EDBBDA /* Box.m in Sources */ = {isa = PBXBuildFile; fileRef = A16346EE26938B9600EDBBDA /* Box.m */; };
		A16346FF269605E700EDBBDA /* main.m in Sources */ = {isa = PBXBuildFile; fileRef = A16346FE269605E700EDBBDA /* main.m */; };
		A16347092696DE3C00EDBBDA /* Question.m in Sources */ = {isa = PBXBuildFile; fileRef = A16347082696DE3B00EDBBDA /* Question.m */; };
		A1634730269939B700EDBBDA /* AddQuestion.m in Sources */ = {isa = PBXBuildFile; fileRef = A163472F269939B700EDBBDA /* AddQuestion.m */; };
		A1634738269BCD8D00EDBBDA /* MinusQuestion.m in Sources */ = {isa = PBXBuildFile; fileRef = A1634737269BCD8D00EDBBDA /* MinusQuestion.m */; };
		A1634740269BCFEC00EDBBDA /* MultiplyQuestion.m in Sources */ = {isa = PBXBuildFile; fileRef = A163473F269BCFEC00EDBBDA /* MultiplyQuestion.m */; };
		A163474E269BD08100EDBBDA /* DivideQuestion.m in Sources */ = {isa = PBXBuildFile; fileRef = A163474D269BD08100EDBBDA /* DivideQuestion.m */; };
		A1634756269BD36500EDBBDA /* ScoreKeeper.m in Sources */ = {isa = PBXBuildFile; fileRef = A1634755269BD36500EDBBDA /* ScoreKeeper.m */; };
		A17D56CD269C424F001DE8DB /* ScoreKeeper.m in Sources */ = {isa = PBXBuildFile; fileRef = A17D56CA269C424F001DE8DB /* ScoreKeeper.m */; };
		A17D56CE269C424F001DE8DB /* main.m in Sources */ = {isa = PBXBuildFile; fileRef = A17D56CB269C424F001DE8DB /* main.m */; };
		A17D56E9269C42CF001DE8DB /* AddQuestion.m in Sources */ = {isa = PBXBuildFile; fileRef = A17D56DF269C42CF001DE8DB /* AddQuestion.m */; };
		A17D56EA269C42CF001DE8DB /* DivideQuestion.m in Sources */ = {isa = PBXBuildFile; fileRef = A17D56E1269C42CF001DE8DB /* DivideQuestion.m */; };
		A17D56EB269C42CF001DE8DB /* MultiplyQuestion.m in Sources */ = {isa = PBXBuildFile; fileRef = A17D56E2269C42CF001DE8DB /* MultiplyQuestion.m */; };
		A17D56EC269C42CF001DE8DB /* MinusQuestion.m in Sources */ = {isa = PBXBuildFile; fileRef = A17D56E5269C42CF001DE8DB /* MinusQuestion.m */; };
		A17D56ED269C42CF001DE8DB /* Question.m in Sources */ = {isa = PBXBuildFile; fileRef = A17D56E7269C42CF001DE8DB /* Question.m */; };
		A17D571E269C4F04001DE8DB /* main.m in Sources */ = {isa = PBXBuildFile; fileRef = A17D571D269C4F04001DE8DB /* main.m */; };
		A17D572A269C7CF0001DE8DB /* InputCollector.m in Sources */ = {isa = PBXBuildFile; fileRef = A17D5729269C7CF0001DE8DB /* InputCollector.m */; };
		A17D5733269C86EB001DE8DB /* Contact.m in Sources */ = {isa = PBXBuildFile; fileRef = A17D5732269C86EB001DE8DB /* Contact.m */; };
		A17D573C269C8783001DE8DB /* ContactList.m in Sources */ = {isa = PBXBuildFile; fileRef = A17D573B269C8783001DE8DB /* ContactList.m */; };
		A17D57C5269EE5D5001DE8DB /* main.m in Sources */ = {isa = PBXBuildFile; fileRef = A17D57C4269EE5D5001DE8DB /* main.m */; };
		A17D57D2269EE603001DE8DB /* NSString+PigLatinization.m in Sources */ = {isa = PBXBuildFile; fileRef = A17D57D1269EE603001DE8DB /* NSString+PigLatinization.m */; };
/* End PBXBuildFile section */

/* Begin PBXCopyFilesBuildPhase section */
		A16346C526936C2600EDBBDA /* CopyFiles */ = {
			isa = PBXCopyFilesBuildPhase;
			buildActionMask = 2147483647;
			dstPath = /usr/share/man/man1/;
			dstSubfolderSpec = 0;
			files = (
			);
			runOnlyForDeploymentPostprocessing = 1;
		};
		A16346D426936C3C00EDBBDA /* CopyFiles */ = {
			isa = PBXCopyFilesBuildPhase;
			buildActionMask = 2147483647;
			dstPath = /usr/share/man/man1/;
			dstSubfolderSpec = 0;
			files = (
			);
			runOnlyForDeploymentPostprocessing = 1;
		};
		A16346E126938A5F00EDBBDA /* CopyFiles */ = {
			isa = PBXCopyFilesBuildPhase;
			buildActionMask = 2147483647;
			dstPath = /usr/share/man/man1/;
			dstSubfolderSpec = 0;
			files = (
			);
			runOnlyForDeploymentPostprocessing = 1;
		};
		A16346FA269605E700EDBBDA /* CopyFiles */ = {
			isa = PBXCopyFilesBuildPhase;
			buildActionMask = 2147483647;
			dstPath = /usr/share/man/man1/;
			dstSubfolderSpec = 0;
			files = (
			);
			runOnlyForDeploymentPostprocessing = 1;
		};
		A16347102698764300EDBBDA /* CopyFiles */ = {
			isa = PBXCopyFilesBuildPhase;
			buildActionMask = 2147483647;
			dstPath = /usr/share/man/man1/;
			dstSubfolderSpec = 0;
			files = (
			);
			runOnlyForDeploymentPostprocessing = 1;
		};
		A17D5719269C4F04001DE8DB /* CopyFiles */ = {
			isa = PBXCopyFilesBuildPhase;
			buildActionMask = 2147483647;
			dstPath = /usr/share/man/man1/;
			dstSubfolderSpec = 0;
			files = (
			);
			runOnlyForDeploymentPostprocessing = 1;
		};
		A17D57C0269EE5D5001DE8DB /* CopyFiles */ = {
			isa = PBXCopyFilesBuildPhase;
			buildActionMask = 2147483647;
			dstPath = /usr/share/man/man1/;
			dstSubfolderSpec = 0;
			files = (
			);
			runOnlyForDeploymentPostprocessing = 1;
		};
/* End PBXCopyFilesBuildPhase section */

/* Begin PBXFileReference section */
		A16346C726936C2600EDBBDA /* ObjcLabs */ = {isa = PBXFileReference; explicitFileType = "compiled.mach-o.executable"; includeInIndex = 0; path = ObjcLabs; sourceTree = BUILT_PRODUCTS_DIR; };
		A16346CA26936C2600EDBBDA /* main.m */ = {isa = PBXFileReference; lastKnownFileType = sourcecode.c.objc; path = main.m; sourceTree = "<group>"; };
		A16346D626936C3C00EDBBDA /* Lab1 */ = {isa = PBXFileReference; explicitFileType = "compiled.mach-o.executable"; includeInIndex = 0; path = Lab1; sourceTree = BUILT_PRODUCTS_DIR; };
		A16346D826936C3C00EDBBDA /* main.m */ = {isa = PBXFileReference; lastKnownFileType = sourcecode.c.objc; path = main.m; sourceTree = "<group>"; };
		A16346E326938A5F00EDBBDA /* Lab2 */ = {isa = PBXFileReference; explicitFileType = "compiled.mach-o.executable"; includeInIndex = 0; path = Lab2; sourceTree = BUILT_PRODUCTS_DIR; };
		A16346E526938A5F00EDBBDA /* main.m */ = {isa = PBXFileReference; lastKnownFileType = sourcecode.c.objc; path = main.m; sourceTree = "<group>"; };
		A16346ED26938B9600EDBBDA /* Box.h */ = {isa = PBXFileReference; lastKnownFileType = sourcecode.c.h; path = Box.h; sourceTree = "<group>"; };
		A16346EE26938B9600EDBBDA /* Box.m */ = {isa = PBXFileReference; lastKnownFileType = sourcecode.c.objc; path = Box.m; sourceTree = "<group>"; };
		A16346FC269605E700EDBBDA /* Lab3 */ = {isa = PBXFileReference; explicitFileType = "compiled.mach-o.executable"; includeInIndex = 0; path = Lab3; sourceTree = BUILT_PRODUCTS_DIR; };
		A16346FE269605E700EDBBDA /* main.m */ = {isa = PBXFileReference; lastKnownFileType = sourcecode.c.objc; path = main.m; sourceTree = "<group>"; };
		A16347072696DE3B00EDBBDA /* Question.h */ = {isa = PBXFileReference; lastKnownFileType = sourcecode.c.h; path = Question.h; sourceTree = "<group>"; };
		A16347082696DE3B00EDBBDA /* Question.m */ = {isa = PBXFileReference; lastKnownFileType = sourcecode.c.objc; path = Question.m; sourceTree = "<group>"; };
		A16347122698764300EDBBDA /* Lab4 */ = {isa = PBXFileReference; explicitFileType = "compiled.mach-o.executable"; includeInIndex = 0; path = Lab4; sourceTree = BUILT_PRODUCTS_DIR; };
		A163472E269939B700EDBBDA /* AddQuestion.h */ = {isa = PBXFileReference; lastKnownFileType = sourcecode.c.h; path = AddQuestion.h; sourceTree = "<group>"; };
		A163472F269939B700EDBBDA /* AddQuestion.m */ = {isa = PBXFileReference; lastKnownFileType = sourcecode.c.objc; path = AddQuestion.m; sourceTree = "<group>"; };
		A1634736269BCD8D00EDBBDA /* MinusQuestion.h */ = {isa = PBXFileReference; lastKnownFileType = sourcecode.c.h; path = MinusQuestion.h; sourceTree = "<group>"; };
		A1634737269BCD8D00EDBBDA /* MinusQuestion.m */ = {isa = PBXFileReference; lastKnownFileType = sourcecode.c.objc; path = MinusQuestion.m; sourceTree = "<group>"; };
		A163473E269BCFEC00EDBBDA /* MultiplyQuestion.h */ = {isa = PBXFileReference; lastKnownFileType = sourcecode.c.h; path = MultiplyQuestion.h; sourceTree = "<group>"; };
		A163473F269BCFEC00EDBBDA /* MultiplyQuestion.m */ = {isa = PBXFileReference; lastKnownFileType = sourcecode.c.objc; path = MultiplyQuestion.m; sourceTree = "<group>"; };
		A163474C269BD08100EDBBDA /* DivideQuestion.h */ = {isa = PBXFileReference; lastKnownFileType = sourcecode.c.h; path = DivideQuestion.h; sourceTree = "<group>"; };
		A163474D269BD08100EDBBDA /* DivideQuestion.m */ = {isa = PBXFileReference; lastKnownFileType = sourcecode.c.objc; path = DivideQuestion.m; sourceTree = "<group>"; };
		A1634754269BD36500EDBBDA /* ScoreKeeper.h */ = {isa = PBXFileReference; lastKnownFileType = sourcecode.c.h; path = ScoreKeeper.h; sourceTree = "<group>"; };
		A1634755269BD36500EDBBDA /* ScoreKeeper.m */ = {isa = PBXFileReference; lastKnownFileType = sourcecode.c.objc; path = ScoreKeeper.m; sourceTree = "<group>"; };
		A17D56CA269C424F001DE8DB /* ScoreKeeper.m */ = {isa = PBXFileReference; fileEncoding = 4; lastKnownFileType = sourcecode.c.objc; path = ScoreKeeper.m; sourceTree = "<group>"; };
		A17D56CB269C424F001DE8DB /* main.m */ = {isa = PBXFileReference; fileEncoding = 4; lastKnownFileType = sourcecode.c.objc; path = main.m; sourceTree = "<group>"; };
		A17D56CC269C424F001DE8DB /* ScoreKeeper.h */ = {isa = PBXFileReference; fileEncoding = 4; lastKnownFileType = sourcecode.c.h; path = ScoreKeeper.h; sourceTree = "<group>"; };
		A17D56DF269C42CF001DE8DB /* AddQuestion.m */ = {isa = PBXFileReference; fileEncoding = 4; lastKnownFileType = sourcecode.c.objc; path = AddQuestion.m; sourceTree = "<group>"; };
		A17D56E0269C42CF001DE8DB /* MultiplyQuestion.h */ = {isa = PBXFileReference; fileEncoding = 4; lastKnownFileType = sourcecode.c.h; path = MultiplyQuestion.h; sourceTree = "<group>"; };
		A17D56E1269C42CF001DE8DB /* DivideQuestion.m */ = {isa = PBXFileReference; fileEncoding = 4; lastKnownFileType = sourcecode.c.objc; path = DivideQuestion.m; sourceTree = "<group>"; };
		A17D56E2269C42CF001DE8DB /* MultiplyQuestion.m */ = {isa = PBXFileReference; fileEncoding = 4; lastKnownFileType = sourcecode.c.objc; path = MultiplyQuestion.m; sourceTree = "<group>"; };
		A17D56E3269C42CF001DE8DB /* MinusQuestion.h */ = {isa = PBXFileReference; fileEncoding = 4; lastKnownFileType = sourcecode.c.h; path = MinusQuestion.h; sourceTree = "<group>"; };
		A17D56E4269C42CF001DE8DB /* Question.h */ = {isa = PBXFileReference; fileEncoding = 4; lastKnownFileType = sourcecode.c.h; path = Question.h; sourceTree = "<group>"; };
		A17D56E5269C42CF001DE8DB /* MinusQuestion.m */ = {isa = PBXFileReference; fileEncoding = 4; lastKnownFileType = sourcecode.c.objc; path = MinusQuestion.m; sourceTree = "<group>"; };
		A17D56E6269C42CF001DE8DB /* AddQuestion.h */ = {isa = PBXFileReference; fileEncoding = 4; lastKnownFileType = sourcecode.c.h; path = AddQuestion.h; sourceTree = "<group>"; };
		A17D56E7269C42CF001DE8DB /* Question.m */ = {isa = PBXFileReference; fileEncoding = 4; lastKnownFileType = sourcecode.c.objc; path = Question.m; sourceTree = "<group>"; };
		A17D56E8269C42CF001DE8DB /* DivideQuestion.h */ = {isa = PBXFileReference; fileEncoding = 4; lastKnownFileType = sourcecode.c.h; path = DivideQuestion.h; sourceTree = "<group>"; };
		A17D571B269C4F04001DE8DB /* Lab5 */ = {isa = PBXFileReference; explicitFileType = "compiled.mach-o.executable"; includeInIndex = 0; path = Lab5; sourceTree = BUILT_PRODUCTS_DIR; };
		A17D571D269C4F04001DE8DB /* main.m */ = {isa = PBXFileReference; lastKnownFileType = sourcecode.c.objc; path = main.m; sourceTree = "<group>"; };
		A17D5728269C7CF0001DE8DB /* InputCollector.h */ = {isa = PBXFileReference; lastKnownFileType = sourcecode.c.h; path = InputCollector.h; sourceTree = "<group>"; };
		A17D5729269C7CF0001DE8DB /* InputCollector.m */ = {isa = PBXFileReference; lastKnownFileType = sourcecode.c.objc; path = InputCollector.m; sourceTree = "<group>"; };
		A17D5731269C86EB001DE8DB /* Contact.h */ = {isa = PBXFileReference; lastKnownFileType = sourcecode.c.h; path = Contact.h; sourceTree = "<group>"; };
		A17D5732269C86EB001DE8DB /* Contact.m */ = {isa = PBXFileReference; lastKnownFileType = sourcecode.c.objc; path = Contact.m; sourceTree = "<group>"; };
		A17D573A269C8783001DE8DB /* ContactList.h */ = {isa = PBXFileReference; lastKnownFileType = sourcecode.c.h; path = ContactList.h; sourceTree = "<group>"; };
		A17D573B269C8783001DE8DB /* ContactList.m */ = {isa = PBXFileReference; lastKnownFileType = sourcecode.c.objc; path = ContactList.m; sourceTree = "<group>"; };
		A17D57C2269EE5D5001DE8DB /* Lab 7 */ = {isa = PBXFileReference; explicitFileType = "compiled.mach-o.executable"; includeInIndex = 0; path = "Lab 7"; sourceTree = BUILT_PRODUCTS_DIR; };
		A17D57C4269EE5D5001DE8DB /* main.m */ = {isa = PBXFileReference; lastKnownFileType = sourcecode.c.objc; path = main.m; sourceTree = "<group>"; };
		A17D57D0269EE603001DE8DB /* NSString+PigLatinization.h */ = {isa = PBXFileReference; lastKnownFileType = sourcecode.c.h; path = "NSString+PigLatinization.h"; sourceTree = "<group>"; };
		A17D57D1269EE603001DE8DB /* NSString+PigLatinization.m */ = {isa = PBXFileReference; lastKnownFileType = sourcecode.c.objc; path = "NSString+PigLatinization.m"; sourceTree = "<group>"; };
/* End PBXFileReference section */

/* Begin PBXFrameworksBuildPhase section */
		A16346C426936C2600EDBBDA /* Frameworks */ = {
			isa = PBXFrameworksBuildPhase;
			buildActionMask = 2147483647;
			files = (
			);
			runOnlyForDeploymentPostprocessing = 0;
		};
		A16346D326936C3C00EDBBDA /* Frameworks */ = {
			isa = PBXFrameworksBuildPhase;
			buildActionMask = 2147483647;
			files = (
			);
			runOnlyForDeploymentPostprocessing = 0;
		};
		A16346E026938A5F00EDBBDA /* Frameworks */ = {
			isa = PBXFrameworksBuildPhase;
			buildActionMask = 2147483647;
			files = (
			);
			runOnlyForDeploymentPostprocessing = 0;
		};
		A16346F9269605E700EDBBDA /* Frameworks */ = {
			isa = PBXFrameworksBuildPhase;
			buildActionMask = 2147483647;
			files = (
			);
			runOnlyForDeploymentPostprocessing = 0;
		};
		A163470F2698764300EDBBDA /* Frameworks */ = {
			isa = PBXFrameworksBuildPhase;
			buildActionMask = 2147483647;
			files = (
			);
			runOnlyForDeploymentPostprocessing = 0;
		};
		A17D5718269C4F04001DE8DB /* Frameworks */ = {
			isa = PBXFrameworksBuildPhase;
			buildActionMask = 2147483647;
			files = (
			);
			runOnlyForDeploymentPostprocessing = 0;
		};
		A17D57BF269EE5D5001DE8DB /* Frameworks */ = {
			isa = PBXFrameworksBuildPhase;
			buildActionMask = 2147483647;
			files = (
			);
			runOnlyForDeploymentPostprocessing = 0;
		};
/* End PBXFrameworksBuildPhase section */

/* Begin PBXGroup section */
		A16346BE26936C2600EDBBDA = {
			isa = PBXGroup;
			children = (
				A16346C926936C2600EDBBDA /* ObjcLabs */,
				A16346D726936C3C00EDBBDA /* Lab1 */,
				A16346E426938A5F00EDBBDA /* Lab2 */,
				A16346FD269605E700EDBBDA /* Lab3 */,
				A16347132698764300EDBBDA /* Lab4 */,
				A17D571C269C4F04001DE8DB /* Lab5 */,
				A17D57C3269EE5D5001DE8DB /* Lab 7 */,
				A16346C826936C2600EDBBDA /* Products */,
			);
			sourceTree = "<group>";
		};
		A16346C826936C2600EDBBDA /* Products */ = {
			isa = PBXGroup;
			children = (
				A16346C726936C2600EDBBDA /* ObjcLabs */,
				A16346D626936C3C00EDBBDA /* Lab1 */,
				A16346E326938A5F00EDBBDA /* Lab2 */,
				A16346FC269605E700EDBBDA /* Lab3 */,
				A16347122698764300EDBBDA /* Lab4 */,
				A17D571B269C4F04001DE8DB /* Lab5 */,
				A17D57C2269EE5D5001DE8DB /* Lab 7 */,
			);
			name = Products;
			sourceTree = "<group>";
		};
		A16346C926936C2600EDBBDA /* ObjcLabs */ = {
			isa = PBXGroup;
			children = (
				A16346CA26936C2600EDBBDA /* main.m */,
			);
			path = ObjcLabs;
			sourceTree = "<group>";
		};
		A16346D726936C3C00EDBBDA /* Lab1 */ = {
			isa = PBXGroup;
			children = (
				A16346D826936C3C00EDBBDA /* main.m */,
			);
			path = Lab1;
			sourceTree = "<group>";
		};
		A16346E426938A5F00EDBBDA /* Lab2 */ = {
			isa = PBXGroup;
			children = (
				A16346E526938A5F00EDBBDA /* main.m */,
				A16346ED26938B9600EDBBDA /* Box.h */,
				A16346EE26938B9600EDBBDA /* Box.m */,
			);
			path = Lab2;
			sourceTree = "<group>";
		};
		A16346FD269605E700EDBBDA /* Lab3 */ = {
			isa = PBXGroup;
			children = (
				A16346FE269605E700EDBBDA /* main.m */,
				A1634746269BD06A00EDBBDA /* Questions */,
				A1634754269BD36500EDBBDA /* ScoreKeeper.h */,
				A1634755269BD36500EDBBDA /* ScoreKeeper.m */,
			);
			path = Lab3;
			sourceTree = "<group>";
		};
		A16347132698764300EDBBDA /* Lab4 */ = {
			isa = PBXGroup;
			children = (
				A17D56CB269C424F001DE8DB /* main.m */,
				A17D56F3269C42DA001DE8DB /* Lab4Question */,
				A17D56CC269C424F001DE8DB /* ScoreKeeper.h */,
				A17D56CA269C424F001DE8DB /* ScoreKeeper.m */,
			);
			path = Lab4;
			sourceTree = "<group>";
		};
		A1634746269BD06A00EDBBDA /* Questions */ = {
			isa = PBXGroup;
			children = (
				A163472E269939B700EDBBDA /* AddQuestion.h */,
				A163472F269939B700EDBBDA /* AddQuestion.m */,
				A1634736269BCD8D00EDBBDA /* MinusQuestion.h */,
				A1634737269BCD8D00EDBBDA /* MinusQuestion.m */,
				A163473E269BCFEC00EDBBDA /* MultiplyQuestion.h */,
				A163473F269BCFEC00EDBBDA /* MultiplyQuestion.m */,
				A16347072696DE3B00EDBBDA /* Question.h */,
				A16347082696DE3B00EDBBDA /* Question.m */,
				A163474C269BD08100EDBBDA /* DivideQuestion.h */,
				A163474D269BD08100EDBBDA /* DivideQuestion.m */,
			);
			path = Questions;
			sourceTree = "<group>";
		};
		A17D56F3269C42DA001DE8DB /* Lab4Question */ = {
			isa = PBXGroup;
			children = (
				A17D56E6269C42CF001DE8DB /* AddQuestion.h */,
				A17D56DF269C42CF001DE8DB /* AddQuestion.m */,
				A17D56E8269C42CF001DE8DB /* DivideQuestion.h */,
				A17D56E1269C42CF001DE8DB /* DivideQuestion.m */,
				A17D56E3269C42CF001DE8DB /* MinusQuestion.h */,
				A17D56E5269C42CF001DE8DB /* MinusQuestion.m */,
				A17D56E0269C42CF001DE8DB /* MultiplyQuestion.h */,
				A17D56E2269C42CF001DE8DB /* MultiplyQuestion.m */,
				A17D56E4269C42CF001DE8DB /* Question.h */,
				A17D56E7269C42CF001DE8DB /* Question.m */,
			);
			path = Lab4Question;
			sourceTree = "<group>";
		};
		A17D571C269C4F04001DE8DB /* Lab5 */ = {
			isa = PBXGroup;
			children = (
				A17D571D269C4F04001DE8DB /* main.m */,
				A17D573A269C8783001DE8DB /* ContactList.h */,
				A17D573B269C8783001DE8DB /* ContactList.m */,
				A17D5731269C86EB001DE8DB /* Contact.h */,
				A17D5732269C86EB001DE8DB /* Contact.m */,
				A17D5728269C7CF0001DE8DB /* InputCollector.h */,
				A17D5729269C7CF0001DE8DB /* InputCollector.m */,
			);
			path = Lab5;
			sourceTree = "<group>";
		};
		A17D57C3269EE5D5001DE8DB /* Lab 7 */ = {
			isa = PBXGroup;
			children = (
				A17D57C4269EE5D5001DE8DB /* main.m */,
				A17D57D0269EE603001DE8DB /* NSString+PigLatinization.h */,
				A17D57D1269EE603001DE8DB /* NSString+PigLatinization.m */,
			);
			path = "Lab 7";
			sourceTree = "<group>";
		};
/* End PBXGroup section */

/* Begin PBXNativeTarget section */
		A16346C626936C2600EDBBDA /* ObjcLabs */ = {
			isa = PBXNativeTarget;
			buildConfigurationList = A16346CE26936C2600EDBBDA /* Build configuration list for PBXNativeTarget "ObjcLabs" */;
			buildPhases = (
				A16346C326936C2600EDBBDA /* Sources */,
				A16346C426936C2600EDBBDA /* Frameworks */,
				A16346C526936C2600EDBBDA /* CopyFiles */,
			);
			buildRules = (
			);
			dependencies = (
			);
			name = ObjcLabs;
			productName = ObjcLabs;
			productReference = A16346C726936C2600EDBBDA /* ObjcLabs */;
			productType = "com.apple.product-type.tool";
		};
		A16346D526936C3C00EDBBDA /* Lab1 */ = {
			isa = PBXNativeTarget;
			buildConfigurationList = A16346DA26936C3C00EDBBDA /* Build configuration list for PBXNativeTarget "Lab1" */;
			buildPhases = (
				A16346D226936C3C00EDBBDA /* Sources */,
				A16346D326936C3C00EDBBDA /* Frameworks */,
				A16346D426936C3C00EDBBDA /* CopyFiles */,
			);
			buildRules = (
			);
			dependencies = (
			);
			name = Lab1;
			productName = Lab1;
			productReference = A16346D626936C3C00EDBBDA /* Lab1 */;
			productType = "com.apple.product-type.tool";
		};
		A16346E226938A5F00EDBBDA /* Lab2 */ = {
			isa = PBXNativeTarget;
			buildConfigurationList = A16346E726938A5F00EDBBDA /* Build configuration list for PBXNativeTarget "Lab2" */;
			buildPhases = (
				A16346DF26938A5F00EDBBDA /* Sources */,
				A16346E026938A5F00EDBBDA /* Frameworks */,
				A16346E126938A5F00EDBBDA /* CopyFiles */,
			);
			buildRules = (
			);
			dependencies = (
			);
			name = Lab2;
			productName = Lab2;
			productReference = A16346E326938A5F00EDBBDA /* Lab2 */;
			productType = "com.apple.product-type.tool";
		};
		A16346FB269605E700EDBBDA /* Lab3 */ = {
			isa = PBXNativeTarget;
			buildConfigurationList = A1634700269605E700EDBBDA /* Build configuration list for PBXNativeTarget "Lab3" */;
			buildPhases = (
				A16346F8269605E700EDBBDA /* Sources */,
				A16346F9269605E700EDBBDA /* Frameworks */,
				A16346FA269605E700EDBBDA /* CopyFiles */,
			);
			buildRules = (
			);
			dependencies = (
			);
			name = Lab3;
			productName = Lab3;
			productReference = A16346FC269605E700EDBBDA /* Lab3 */;
			productType = "com.apple.product-type.tool";
		};
		A16347112698764300EDBBDA /* Lab4 */ = {
			isa = PBXNativeTarget;
			buildConfigurationList = A16347162698764300EDBBDA /* Build configuration list for PBXNativeTarget "Lab4" */;
			buildPhases = (
				A163470E2698764300EDBBDA /* Sources */,
				A163470F2698764300EDBBDA /* Frameworks */,
				A16347102698764300EDBBDA /* CopyFiles */,
			);
			buildRules = (
			);
			dependencies = (
			);
			name = Lab4;
			productName = Lab4;
			productReference = A16347122698764300EDBBDA /* Lab4 */;
			productType = "com.apple.product-type.tool";
		};
		A17D571A269C4F04001DE8DB /* Lab5 */ = {
			isa = PBXNativeTarget;
			buildConfigurationList = A17D571F269C4F04001DE8DB /* Build configuration list for PBXNativeTarget "Lab5" */;
			buildPhases = (
				A17D5717269C4F04001DE8DB /* Sources */,
				A17D5718269C4F04001DE8DB /* Frameworks */,
				A17D5719269C4F04001DE8DB /* CopyFiles */,
			);
			buildRules = (
			);
			dependencies = (
			);
			name = Lab5;
			productName = Lab5;
			productReference = A17D571B269C4F04001DE8DB /* Lab5 */;
			productType = "com.apple.product-type.tool";
		};
		A17D57C1269EE5D5001DE8DB /* Lab 7 */ = {
			isa = PBXNativeTarget;
			buildConfigurationList = A17D57C8269EE5D5001DE8DB /* Build configuration list for PBXNativeTarget "Lab 7" */;
			buildPhases = (
				A17D57BE269EE5D5001DE8DB /* Sources */,
				A17D57BF269EE5D5001DE8DB /* Frameworks */,
				A17D57C0269EE5D5001DE8DB /* CopyFiles */,
			);
			buildRules = (
			);
			dependencies = (
			);
			name = "Lab 7";
			productName = "Lab 7";
			productReference = A17D57C2269EE5D5001DE8DB /* Lab 7 */;
			productType = "com.apple.product-type.tool";
		};
/* End PBXNativeTarget section */

/* Begin PBXProject section */
		A16346BF26936C2600EDBBDA /* Project object */ = {
			isa = PBXProject;
			attributes = {
				LastUpgradeCheck = 1240;
				TargetAttributes = {
					A16346C626936C2600EDBBDA = {
						CreatedOnToolsVersion = 12.4;
					};
					A16346D526936C3C00EDBBDA = {
						CreatedOnToolsVersion = 12.4;
					};
					A16346E226938A5F00EDBBDA = {
						CreatedOnToolsVersion = 12.4;
					};
					A16346FB269605E700EDBBDA = {
						CreatedOnToolsVersion = 12.4;
					};
					A16347112698764300EDBBDA = {
						CreatedOnToolsVersion = 12.4;
					};
					A17D571A269C4F04001DE8DB = {
						CreatedOnToolsVersion = 12.4;
					};
					A17D57C1269EE5D5001DE8DB = {
						CreatedOnToolsVersion = 12.4;
					};
				};
			};
			buildConfigurationList = A16346C226936C2600EDBBDA /* Build configuration list for PBXProject "ObjcLabs" */;
			compatibilityVersion = "Xcode 9.3";
			developmentRegion = en;
			hasScannedForEncodings = 0;
			knownRegions = (
				en,
				Base,
			);
			mainGroup = A16346BE26936C2600EDBBDA;
			productRefGroup = A16346C826936C2600EDBBDA /* Products */;
			projectDirPath = "";
			projectRoot = "";
			targets = (
				A16346C626936C2600EDBBDA /* ObjcLabs */,
				A16346D526936C3C00EDBBDA /* Lab1 */,
				A16346E226938A5F00EDBBDA /* Lab2 */,
				A16346FB269605E700EDBBDA /* Lab3 */,
				A16347112698764300EDBBDA /* Lab4 */,
				A17D571A269C4F04001DE8DB /* Lab5 */,
				A17D57C1269EE5D5001DE8DB /* Lab 7 */,
			);
		};
/* End PBXProject section */

/* Begin PBXSourcesBuildPhase section */
		A16346C326936C2600EDBBDA /* Sources */ = {
			isa = PBXSourcesBuildPhase;
			buildActionMask = 2147483647;
			files = (
				A16346CB26936C2600EDBBDA /* main.m in Sources */,
			);
			runOnlyForDeploymentPostprocessing = 0;
		};
		A16346D226936C3C00EDBBDA /* Sources */ = {
			isa = PBXSourcesBuildPhase;
			buildActionMask = 2147483647;
			files = (
				A16346D926936C3C00EDBBDA /* main.m in Sources */,
			);
			runOnlyForDeploymentPostprocessing = 0;
		};
		A16346DF26938A5F00EDBBDA /* Sources */ = {
			isa = PBXSourcesBuildPhase;
			buildActionMask = 2147483647;
			files = (
				A16346E626938A5F00EDBBDA /* main.m in Sources */,
				A16346EF26938B9600EDBBDA /* Box.m in Sources */,
			);
			runOnlyForDeploymentPostprocessing = 0;
		};
		A16346F8269605E700EDBBDA /* Sources */ = {
			isa = PBXSourcesBuildPhase;
			buildActionMask = 2147483647;
			files = (
				A163474E269BD08100EDBBDA /* DivideQuestion.m in Sources */,
				A16346FF269605E700EDBBDA /* main.m in Sources */,
				A1634730269939B700EDBBDA /* AddQuestion.m in Sources */,
				A1634738269BCD8D00EDBBDA /* MinusQuestion.m in Sources */,
				A1634756269BD36500EDBBDA /* ScoreKeeper.m in Sources */,
				A1634740269BCFEC00EDBBDA /* MultiplyQuestion.m in Sources */,
				A16347092696DE3C00EDBBDA /* Question.m in Sources */,
			);
			runOnlyForDeploymentPostprocessing = 0;
		};
		A163470E2698764300EDBBDA /* Sources */ = {
			isa = PBXSourcesBuildPhase;
			buildActionMask = 2147483647;
			files = (
				A17D56EA269C42CF001DE8DB /* DivideQuestion.m in Sources */,
				A17D56CE269C424F001DE8DB /* main.m in Sources */,
				A17D56EC269C42CF001DE8DB /* MinusQuestion.m in Sources */,
				A17D56E9269C42CF001DE8DB /* AddQuestion.m in Sources */,
				A17D56ED269C42CF001DE8DB /* Question.m in Sources */,
				A17D56EB269C42CF001DE8DB /* MultiplyQuestion.m in Sources */,
				A17D56CD269C424F001DE8DB /* ScoreKeeper.m in Sources */,
			);
			runOnlyForDeploymentPostprocessing = 0;
		};
		A17D5717269C4F04001DE8DB /* Sources */ = {
			isa = PBXSourcesBuildPhase;
			buildActionMask = 2147483647;
			files = (
				A17D573C269C8783001DE8DB /* ContactList.m in Sources */,
				A17D572A269C7CF0001DE8DB /* InputCollector.m in Sources */,
				A17D5733269C86EB001DE8DB /* Contact.m in Sources */,
				A17D571E269C4F04001DE8DB /* main.m in Sources */,
			);
			runOnlyForDeploymentPostprocessing = 0;
		};
		A17D57BE269EE5D5001DE8DB /* Sources */ = {
			isa = PBXSourcesBuildPhase;
			buildActionMask = 2147483647;
			files = (
				A17D57D2269EE603001DE8DB /* NSString+PigLatinization.m in Sources */,
				A17D57C5269EE5D5001DE8DB /* main.m in Sources */,
			);
			runOnlyForDeploymentPostprocessing = 0;
		};
/* End PBXSourcesBuildPhase section */

/* Begin XCBuildConfiguration section */
		A16346CC26936C2600EDBBDA /* Debug */ = {
			isa = XCBuildConfiguration;
			buildSettings = {
				ALWAYS_SEARCH_USER_PATHS = NO;
				CLANG_ANALYZER_NONNULL = YES;
				CLANG_ANALYZER_NUMBER_OBJECT_CONVERSION = YES_AGGRESSIVE;
				CLANG_CXX_LANGUAGE_STANDARD = "gnu++14";
				CLANG_CXX_LIBRARY = "libc++";
				CLANG_ENABLE_MODULES = YES;
				CLANG_ENABLE_OBJC_ARC = YES;
				CLANG_ENABLE_OBJC_WEAK = YES;
				CLANG_WARN_BLOCK_CAPTURE_AUTORELEASING = YES;
				CLANG_WARN_BOOL_CONVERSION = YES;
				CLANG_WARN_COMMA = YES;
				CLANG_WARN_CONSTANT_CONVERSION = YES;
				CLANG_WARN_DEPRECATED_OBJC_IMPLEMENTATIONS = YES;
				CLANG_WARN_DIRECT_OBJC_ISA_USAGE = YES_ERROR;
				CLANG_WARN_DOCUMENTATION_COMMENTS = YES;
				CLANG_WARN_EMPTY_BODY = YES;
				CLANG_WARN_ENUM_CONVERSION = YES;
				CLANG_WARN_INFINITE_RECURSION = YES;
				CLANG_WARN_INT_CONVERSION = YES;
				CLANG_WARN_NON_LITERAL_NULL_CONVERSION = YES;
				CLANG_WARN_OBJC_IMPLICIT_RETAIN_SELF = YES;
				CLANG_WARN_OBJC_LITERAL_CONVERSION = YES;
				CLANG_WARN_OBJC_ROOT_CLASS = YES_ERROR;
				CLANG_WARN_QUOTED_INCLUDE_IN_FRAMEWORK_HEADER = YES;
				CLANG_WARN_RANGE_LOOP_ANALYSIS = YES;
				CLANG_WARN_STRICT_PROTOTYPES = YES;
				CLANG_WARN_SUSPICIOUS_MOVE = YES;
				CLANG_WARN_UNGUARDED_AVAILABILITY = YES_AGGRESSIVE;
				CLANG_WARN_UNREACHABLE_CODE = YES;
				CLANG_WARN__DUPLICATE_METHOD_MATCH = YES;
				COPY_PHASE_STRIP = NO;
				DEBUG_INFORMATION_FORMAT = dwarf;
				ENABLE_STRICT_OBJC_MSGSEND = YES;
				ENABLE_TESTABILITY = YES;
				GCC_C_LANGUAGE_STANDARD = gnu11;
				GCC_DYNAMIC_NO_PIC = NO;
				GCC_NO_COMMON_BLOCKS = YES;
				GCC_OPTIMIZATION_LEVEL = 0;
				GCC_PREPROCESSOR_DEFINITIONS = (
					"DEBUG=1",
					"$(inherited)",
				);
				GCC_WARN_64_TO_32_BIT_CONVERSION = YES;
				GCC_WARN_ABOUT_RETURN_TYPE = YES_ERROR;
				GCC_WARN_UNDECLARED_SELECTOR = YES;
				GCC_WARN_UNINITIALIZED_AUTOS = YES_AGGRESSIVE;
				GCC_WARN_UNUSED_FUNCTION = YES;
				GCC_WARN_UNUSED_VARIABLE = YES;
				MACOSX_DEPLOYMENT_TARGET = 11.1;
				MTL_ENABLE_DEBUG_INFO = INCLUDE_SOURCE;
				MTL_FAST_MATH = YES;
				ONLY_ACTIVE_ARCH = YES;
				SDKROOT = macosx;
			};
			name = Debug;
		};
		A16346CD26936C2600EDBBDA /* Release */ = {
			isa = XCBuildConfiguration;
			buildSettings = {
				ALWAYS_SEARCH_USER_PATHS = NO;
				CLANG_ANALYZER_NONNULL = YES;
				CLANG_ANALYZER_NUMBER_OBJECT_CONVERSION = YES_AGGRESSIVE;
				CLANG_CXX_LANGUAGE_STANDARD = "gnu++14";
				CLANG_CXX_LIBRARY = "libc++";
				CLANG_ENABLE_MODULES = YES;
				CLANG_ENABLE_OBJC_ARC = YES;
				CLANG_ENABLE_OBJC_WEAK = YES;
				CLANG_WARN_BLOCK_CAPTURE_AUTORELEASING = YES;
				CLANG_WARN_BOOL_CONVERSION = YES;
				CLANG_WARN_COMMA = YES;
				CLANG_WARN_CONSTANT_CONVERSION = YES;
				CLANG_WARN_DEPRECATED_OBJC_IMPLEMENTATIONS = YES;
				CLANG_WARN_DIRECT_OBJC_ISA_USAGE = YES_ERROR;
				CLANG_WARN_DOCUMENTATION_COMMENTS = YES;
				CLANG_WARN_EMPTY_BODY = YES;
				CLANG_WARN_ENUM_CONVERSION = YES;
				CLANG_WARN_INFINITE_RECURSION = YES;
				CLANG_WARN_INT_CONVERSION = YES;
				CLANG_WARN_NON_LITERAL_NULL_CONVERSION = YES;
				CLANG_WARN_OBJC_IMPLICIT_RETAIN_SELF = YES;
				CLANG_WARN_OBJC_LITERAL_CONVERSION = YES;
				CLANG_WARN_OBJC_ROOT_CLASS = YES_ERROR;
				CLANG_WARN_QUOTED_INCLUDE_IN_FRAMEWORK_HEADER = YES;
				CLANG_WARN_RANGE_LOOP_ANALYSIS = YES;
				CLANG_WARN_STRICT_PROTOTYPES = YES;
				CLANG_WARN_SUSPICIOUS_MOVE = YES;
				CLANG_WARN_UNGUARDED_AVAILABILITY = YES_AGGRESSIVE;
				CLANG_WARN_UNREACHABLE_CODE = YES;
				CLANG_WARN__DUPLICATE_METHOD_MATCH = YES;
				COPY_PHASE_STRIP = NO;
				DEBUG_INFORMATION_FORMAT = "dwarf-with-dsym";
				ENABLE_NS_ASSERTIONS = NO;
				ENABLE_STRICT_OBJC_MSGSEND = YES;
				GCC_C_LANGUAGE_STANDARD = gnu11;
				GCC_NO_COMMON_BLOCKS = YES;
				GCC_WARN_64_TO_32_BIT_CONVERSION = YES;
				GCC_WARN_ABOUT_RETURN_TYPE = YES_ERROR;
				GCC_WARN_UNDECLARED_SELECTOR = YES;
				GCC_WARN_UNINITIALIZED_AUTOS = YES_AGGRESSIVE;
				GCC_WARN_UNUSED_FUNCTION = YES;
				GCC_WARN_UNUSED_VARIABLE = YES;
				MACOSX_DEPLOYMENT_TARGET = 11.1;
				MTL_ENABLE_DEBUG_INFO = NO;
				MTL_FAST_MATH = YES;
				SDKROOT = macosx;
			};
			name = Release;
		};
		A16346CF26936C2600EDBBDA /* Debug */ = {
			isa = XCBuildConfiguration;
			buildSettings = {
				CODE_SIGN_STYLE = Automatic;
				PRODUCT_NAME = "$(TARGET_NAME)";
			};
			name = Debug;
		};
		A16346D026936C2600EDBBDA /* Release */ = {
			isa = XCBuildConfiguration;
			buildSettings = {
				CODE_SIGN_STYLE = Automatic;
				PRODUCT_NAME = "$(TARGET_NAME)";
			};
			name = Release;
		};
		A16346DB26936C3C00EDBBDA /* Debug */ = {
			isa = XCBuildConfiguration;
			buildSettings = {
				CODE_SIGN_STYLE = Automatic;
				PRODUCT_NAME = "$(TARGET_NAME)";
			};
			name = Debug;
		};
		A16346DC26936C3C00EDBBDA /* Release */ = {
			isa = XCBuildConfiguration;
			buildSettings = {
				CODE_SIGN_STYLE = Automatic;
				PRODUCT_NAME = "$(TARGET_NAME)";
			};
			name = Release;
		};
		A16346E826938A5F00EDBBDA /* Debug */ = {
			isa = XCBuildConfiguration;
			buildSettings = {
				CODE_SIGN_STYLE = Automatic;
				PRODUCT_NAME = "$(TARGET_NAME)";
			};
			name = Debug;
		};
		A16346E926938A5F00EDBBDA /* Release */ = {
			isa = XCBuildConfiguration;
			buildSettings = {
				CODE_SIGN_STYLE = Automatic;
				PRODUCT_NAME = "$(TARGET_NAME)";
			};
			name = Release;
		};
		A1634701269605E700EDBBDA /* Debug */ = {
			isa = XCBuildConfiguration;
			buildSettings = {
				ALWAYS_SEARCH_USER_PATHS = NO;
				CODE_SIGN_STYLE = Automatic;
				PRODUCT_NAME = "$(TARGET_NAME)";
			};
			name = Debug;
		};
		A1634702269605E700EDBBDA /* Release */ = {
			isa = XCBuildConfiguration;
			buildSettings = {
				ALWAYS_SEARCH_USER_PATHS = NO;
				CODE_SIGN_STYLE = Automatic;
				PRODUCT_NAME = "$(TARGET_NAME)";
			};
			name = Release;
		};
		A16347172698764300EDBBDA /* Debug */ = {
			isa = XCBuildConfiguration;
			buildSettings = {
				CODE_SIGN_STYLE = Automatic;
				PRODUCT_NAME = "$(TARGET_NAME)";
			};
			name = Debug;
		};
		A16347182698764300EDBBDA /* Release */ = {
			isa = XCBuildConfiguration;
			buildSettings = {
				CODE_SIGN_STYLE = Automatic;
				PRODUCT_NAME = "$(TARGET_NAME)";
			};
			name = Release;
		};
		A17D5720269C4F04001DE8DB /* Debug */ = {
			isa = XCBuildConfiguration;
			buildSettings = {
				CODE_SIGN_STYLE = Automatic;
				PRODUCT_NAME = "$(TARGET_NAME)";
			};
			name = Debug;
		};
		A17D5721269C4F04001DE8DB /* Release */ = {
			isa = XCBuildConfiguration;
			buildSettings = {
				CODE_SIGN_STYLE = Automatic;
				PRODUCT_NAME = "$(TARGET_NAME)";
			};
			name = Release;
		};
		A17D57C6269EE5D5001DE8DB /* Debug */ = {
			isa = XCBuildConfiguration;
			buildSettings = {
				CODE_SIGN_STYLE = Automatic;
				PRODUCT_NAME = "$(TARGET_NAME)";
			};
			name = Debug;
		};
		A17D57C7269EE5D5001DE8DB /* Release */ = {
			isa = XCBuildConfiguration;
			buildSettings = {
				CODE_SIGN_STYLE = Automatic;
				PRODUCT_NAME = "$(TARGET_NAME)";
			};
			name = Release;
		};
/* End XCBuildConfiguration section */

/* Begin XCConfigurationList section */
		A16346C226936C2600EDBBDA /* Build configuration list for PBXProject "ObjcLabs" */ = {
			isa = XCConfigurationList;
			buildConfigurations = (
				A16346CC26936C2600EDBBDA /* Debug */,
				A16346CD26936C2600EDBBDA /* Release */,
			);
			defaultConfigurationIsVisible = 0;
			defaultConfigurationName = Release;
		};
		A16346CE26936C2600EDBBDA /* Build configuration list for PBXNativeTarget "ObjcLabs" */ = {
			isa = XCConfigurationList;
			buildConfigurations = (
				A16346CF26936C2600EDBBDA /* Debug */,
				A16346D026936C2600EDBBDA /* Release */,
			);
			defaultConfigurationIsVisible = 0;
			defaultConfigurationName = Release;
		};
		A16346DA26936C3C00EDBBDA /* Build configuration list for PBXNativeTarget "Lab1" */ = {
			isa = XCConfigurationList;
			buildConfigurations = (
				A16346DB26936C3C00EDBBDA /* Debug */,
				A16346DC26936C3C00EDBBDA /* Release */,
			);
			defaultConfigurationIsVisible = 0;
			defaultConfigurationName = Release;
		};
		A16346E726938A5F00EDBBDA /* Build configuration list for PBXNativeTarget "Lab2" */ = {
			isa = XCConfigurationList;
			buildConfigurations = (
				A16346E826938A5F00EDBBDA /* Debug */,
				A16346E926938A5F00EDBBDA /* Release */,
			);
			defaultConfigurationIsVisible = 0;
			defaultConfigurationName = Release;
		};
		A1634700269605E700EDBBDA /* Build configuration list for PBXNativeTarget "Lab3" */ = {
			isa = XCConfigurationList;
			buildConfigurations = (
				A1634701269605E700EDBBDA /* Debug */,
				A1634702269605E700EDBBDA /* Release */,
			);
			defaultConfigurationIsVisible = 0;
			defaultConfigurationName = Release;
		};
		A16347162698764300EDBBDA /* Build configuration list for PBXNativeTarget "Lab4" */ = {
			isa = XCConfigurationList;
			buildConfigurations = (
				A16347172698764300EDBBDA /* Debug */,
				A16347182698764300EDBBDA /* Release */,
			);
			defaultConfigurationIsVisible = 0;
			defaultConfigurationName = Release;
		};
		A17D571F269C4F04001DE8DB /* Build configuration list for PBXNativeTarget "Lab5" */ = {
			isa = XCConfigurationList;
			buildConfigurations = (
				A17D5720269C4F04001DE8DB /* Debug */,
				A17D5721269C4F04001DE8DB /* Release */,
			);
			defaultConfigurationIsVisible = 0;
			defaultConfigurationName = Release;
		};
		A17D57C8269EE5D5001DE8DB /* Build configuration list for PBXNativeTarget "Lab 7" */ = {
			isa = XCConfigurationList;
			buildConfigurations = (
				A17D57C6269EE5D5001DE8DB /* Debug */,
				A17D57C7269EE5D5001DE8DB /* Release */,
			);
			defaultConfigurationIsVisible = 0;
			defaultConfigurationName = Release;
		};
/* End XCConfigurationList section */
	};
	rootObject = A16346BF26936C2600EDBBDA /* Project object */;
}
